# This file is automatically @generated by Cargo.
# It is not intended for manual editing.
version = 3

[[package]]
name = "asmkit"
version = "0.0.0"
dependencies = [
 "asmkit-core",
 "asmkit-x86_64",
]

[[package]]
name = "asmkit-core"
version = "0.0.0"

[[package]]
name = "asmkit-x86_64"
version = "0.0.0"
dependencies = [
 "asmkit-core",
]
